
Microsoft Visual Studio Solution File, Format Version 12.00
# Visual Studio Version 16
VisualStudioVersion = 16.0.30503.244
MinimumVisualStudioVersion = 10.0.40219.1
Project("{FAE04EC0-301F-11D3-BF4B-00C04F79EFBC}") = "Questao18", "Questao18\Questao18.csproj", "{CC486DE5-71F6-4027-B37D-DB49ABC135AB}"
EndProject
Global
	GlobalSection(SolutionConfigurationPlatforms) = preSolution
		Debug|Any CPU = Debug|Any CPU
		Release|Any CPU = Release|Any CPU
	EndGlobalSection
	GlobalSection(ProjectConfigurationPlatforms) = postSolution
		{CC486DE5-71F6-4027-B37D-DB49ABC135AB}.Debug|Any CPU.ActiveCfg = Debug|Any CPU
		{CC486DE5-71F6-4027-B37D-DB49ABC135AB}.Debug|Any CPU.Build.0 = Debug|Any CPU
		{CC486DE5-71F6-4027-B37D-DB49ABC135AB}.Release|Any CPU.ActiveCfg = Release|Any CPU
		{CC486DE5-71F6-4027-B37D-DB49ABC135AB}.Release|Any CPU.Build.0 = Release|Any CPU
	EndGlobalSection
	GlobalSection(SolutionProperties) = preSolution
		HideSolutionNode = FALSE
	EndGlobalSection
	GlobalSection(ExtensibilityGlobals) = postSolution
		SolutionGuid = {8141059C-AFAE-4D31-812A-DC655314266B}
	EndGlobalSection
EndGlobal
