
Microsoft Visual Studio Solution File, Format Version 12.00
# Visual Studio Version 16
VisualStudioVersion = 16.0.30503.244
MinimumVisualStudioVersion = 10.0.40219.1
Project("{FAE04EC0-301F-11D3-BF4B-00C04F79EFBC}") = "Questao4", "Questao4\Questao4.csproj", "{215959E5-F95A-4300-A6AB-578B856DA5F9}"
EndProject
Global
	GlobalSection(SolutionConfigurationPlatforms) = preSolution
		Debug|Any CPU = Debug|Any CPU
		Release|Any CPU = Release|Any CPU
	EndGlobalSection
	GlobalSection(ProjectConfigurationPlatforms) = postSolution
		{215959E5-F95A-4300-A6AB-578B856DA5F9}.Debug|Any CPU.ActiveCfg = Debug|Any CPU
		{215959E5-F95A-4300-A6AB-578B856DA5F9}.Debug|Any CPU.Build.0 = Debug|Any CPU
		{215959E5-F95A-4300-A6AB-578B856DA5F9}.Release|Any CPU.ActiveCfg = Release|Any CPU
		{215959E5-F95A-4300-A6AB-578B856DA5F9}.Release|Any CPU.Build.0 = Release|Any CPU
	EndGlobalSection
	GlobalSection(SolutionProperties) = preSolution
		HideSolutionNode = FALSE
	EndGlobalSection
	GlobalSection(ExtensibilityGlobals) = postSolution
		SolutionGuid = {38BA9CDD-751B-4105-9B73-67870F9C6C02}
	EndGlobalSection
EndGlobal
